// !$*UTF8*$!
{
	archiveVersion = 1;
	classes = {
	};
	objectVersion = 50;
	objects = {

/* Begin PBXBuildFile section */
		F13C40F42152700800308ACD /* ContactServiceSorted.swift in Sources */ = {isa = PBXBuildFile; fileRef = F13C40F32152700800308ACD /* ContactServiceSorted.swift */; };
		F15E0B9621710E5800D81F4C /* ActiveNotifisController.swift in Sources */ = {isa = PBXBuildFile; fileRef = F15E0B9521710E5800D81F4C /* ActiveNotifisController.swift */; };
		F1A29F452159016F00592DF1 /* myNotifications.swift in Sources */ = {isa = PBXBuildFile; fileRef = F1A29F442159016F00592DF1 /* myNotifications.swift */; };
		F1A29F47215D551C00592DF1 /* 9648554617fa4b5466ce6c6848bc7805_how-to-be-less-forgetful-quora-elephant-remember-clipart_602-425.jpg in Resources */ = {isa = PBXBuildFile; fileRef = F1A29F46215D551C00592DF1 /* 9648554617fa4b5466ce6c6848bc7805_how-to-be-less-forgetful-quora-elephant-remember-clipart_602-425.jpg */; };
		F1F36F07214A9F98008FB3E5 /* AppDelegate.swift in Sources */ = {isa = PBXBuildFile; fileRef = F1F36F06214A9F98008FB3E5 /* AppDelegate.swift */; };
		F1F36F09214A9F98008FB3E5 /* TableViewController.swift in Sources */ = {isa = PBXBuildFile; fileRef = F1F36F08214A9F98008FB3E5 /* TableViewController.swift */; };
		F1F36F0C214A9F98008FB3E5 /* Main.storyboard in Resources */ = {isa = PBXBuildFile; fileRef = F1F36F0A214A9F98008FB3E5 /* Main.storyboard */; };
		F1F36F0E214A9F9A008FB3E5 /* Assets.xcassets in Resources */ = {isa = PBXBuildFile; fileRef = F1F36F0D214A9F9A008FB3E5 /* Assets.xcassets */; };
		F1F36F11214A9F9A008FB3E5 /* LaunchScreen.storyboard in Resources */ = {isa = PBXBuildFile; fileRef = F1F36F0F214A9F9A008FB3E5 /* LaunchScreen.storyboard */; };
		F1F36F1C214A9F9B008FB3E5 /* NotifiTests.swift in Sources */ = {isa = PBXBuildFile; fileRef = F1F36F1B214A9F9B008FB3E5 /* NotifiTests.swift */; };
		F1F36F27214A9F9B008FB3E5 /* NotifiUITests.swift in Sources */ = {isa = PBXBuildFile; fileRef = F1F36F26214A9F9B008FB3E5 /* NotifiUITests.swift */; };
		F1F36F37214AAB07008FB3E5 /* pickerTableViewCell.swift in Sources */ = {isa = PBXBuildFile; fileRef = F1F36F36214AAB07008FB3E5 /* pickerTableViewCell.swift */; };
		F1F36F39214ADA46008FB3E5 /* ContactService.swift in Sources */ = {isa = PBXBuildFile; fileRef = F1F36F38214ADA46008FB3E5 /* ContactService.swift */; };
		F1F36F3B214BF219008FB3E5 /* NofitiData.swift in Sources */ = {isa = PBXBuildFile; fileRef = F1F36F3A214BF219008FB3E5 /* NofitiData.swift */; };
		F1FE121E2151678700ACC512 /* CreateNotifi.swift in Sources */ = {isa = PBXBuildFile; fileRef = F1FE121D2151678700ACC512 /* CreateNotifi.swift */; };
/* End PBXBuildFile section */

/* Begin PBXContainerItemProxy section */
		F1F36F18214A9F9B008FB3E5 /* PBXContainerItemProxy */ = {
			isa = PBXContainerItemProxy;
			containerPortal = F1F36EFB214A9F98008FB3E5 /* Project object */;
			proxyType = 1;
			remoteGlobalIDString = F1F36F02214A9F98008FB3E5;
			remoteInfo = Notifi;
		};
		F1F36F23214A9F9B008FB3E5 /* PBXContainerItemProxy */ = {
			isa = PBXContainerItemProxy;
			containerPortal = F1F36EFB214A9F98008FB3E5 /* Project object */;
			proxyType = 1;
			remoteGlobalIDString = F1F36F02214A9F98008FB3E5;
			remoteInfo = Notifi;
		};
/* End PBXContainerItemProxy section */

/* Begin PBXFileReference section */
		F13C40F32152700800308ACD /* ContactServiceSorted.swift */ = {isa = PBXFileReference; lastKnownFileType = sourcecode.swift; path = ContactServiceSorted.swift; sourceTree = "<group>"; };
		F15E0B9521710E5800D81F4C /* ActiveNotifisController.swift */ = {isa = PBXFileReference; lastKnownFileType = sourcecode.swift; path = ActiveNotifisController.swift; sourceTree = "<group>"; };
		F1A29F442159016F00592DF1 /* myNotifications.swift */ = {isa = PBXFileReference; lastKnownFileType = sourcecode.swift; path = myNotifications.swift; sourceTree = "<group>"; };
		F1A29F46215D551C00592DF1 /* 9648554617fa4b5466ce6c6848bc7805_how-to-be-less-forgetful-quora-elephant-remember-clipart_602-425.jpg */ = {isa = PBXFileReference; lastKnownFileType = image.jpeg; path = "9648554617fa4b5466ce6c6848bc7805_how-to-be-less-forgetful-quora-elephant-remember-clipart_602-425.jpg"; sourceTree = "<group>"; };
		F1F36F03214A9F98008FB3E5 /* Notifi.app */ = {isa = PBXFileReference; explicitFileType = wrapper.application; includeInIndex = 0; path = Notifi.app; sourceTree = BUILT_PRODUCTS_DIR; };
		F1F36F06214A9F98008FB3E5 /* AppDelegate.swift */ = {isa = PBXFileReference; lastKnownFileType = sourcecode.swift; path = AppDelegate.swift; sourceTree = "<group>"; };
		F1F36F08214A9F98008FB3E5 /* TableViewController.swift */ = {isa = PBXFileReference; lastKnownFileType = sourcecode.swift; path = TableViewController.swift; sourceTree = "<group>"; };
		F1F36F0B214A9F98008FB3E5 /* Base */ = {isa = PBXFileReference; lastKnownFileType = file.storyboard; name = Base; path = Base.lproj/Main.storyboard; sourceTree = "<group>"; };
		F1F36F0D214A9F9A008FB3E5 /* Assets.xcassets */ = {isa = PBXFileReference; lastKnownFileType = folder.assetcatalog; path = Assets.xcassets; sourceTree = "<group>"; };
		F1F36F10214A9F9A008FB3E5 /* Base */ = {isa = PBXFileReference; lastKnownFileType = file.storyboard; name = Base; path = Base.lproj/LaunchScreen.storyboard; sourceTree = "<group>"; };
		F1F36F12214A9F9A008FB3E5 /* Info.plist */ = {isa = PBXFileReference; lastKnownFileType = text.plist.xml; path = Info.plist; sourceTree = "<group>"; };
		F1F36F17214A9F9B008FB3E5 /* NotifiTests.xctest */ = {isa = PBXFileReference; explicitFileType = wrapper.cfbundle; includeInIndex = 0; path = NotifiTests.xctest; sourceTree = BUILT_PRODUCTS_DIR; };
		F1F36F1B214A9F9B008FB3E5 /* NotifiTests.swift */ = {isa = PBXFileReference; lastKnownFileType = sourcecode.swift; path = NotifiTests.swift; sourceTree = "<group>"; };
		F1F36F1D214A9F9B008FB3E5 /* Info.plist */ = {isa = PBXFileReference; lastKnownFileType = text.plist.xml; path = Info.plist; sourceTree = "<group>"; };
		F1F36F22214A9F9B008FB3E5 /* NotifiUITests.xctest */ = {isa = PBXFileReference; explicitFileType = wrapper.cfbundle; includeInIndex = 0; path = NotifiUITests.xctest; sourceTree = BUILT_PRODUCTS_DIR; };
		F1F36F26214A9F9B008FB3E5 /* NotifiUITests.swift */ = {isa = PBXFileReference; lastKnownFileType = sourcecode.swift; path = NotifiUITests.swift; sourceTree = "<group>"; };
		F1F36F28214A9F9B008FB3E5 /* Info.plist */ = {isa = PBXFileReference; lastKnownFileType = text.plist.xml; path = Info.plist; sourceTree = "<group>"; };
		F1F36F36214AAB07008FB3E5 /* pickerTableViewCell.swift */ = {isa = PBXFileReference; lastKnownFileType = sourcecode.swift; path = pickerTableViewCell.swift; sourceTree = "<group>"; };
		F1F36F38214ADA46008FB3E5 /* ContactService.swift */ = {isa = PBXFileReference; lastKnownFileType = sourcecode.swift; path = ContactService.swift; sourceTree = "<group>"; };
		F1F36F3A214BF219008FB3E5 /* NofitiData.swift */ = {isa = PBXFileReference; lastKnownFileType = sourcecode.swift; path = NofitiData.swift; sourceTree = "<group>"; };
		F1FE121D2151678700ACC512 /* CreateNotifi.swift */ = {isa = PBXFileReference; lastKnownFileType = sourcecode.swift; path = CreateNotifi.swift; sourceTree = "<group>"; };
/* End PBXFileReference section */

/* Begin PBXFrameworksBuildPhase section */
		F1F36F00214A9F98008FB3E5 /* Frameworks */ = {
			isa = PBXFrameworksBuildPhase;
			buildActionMask = 2147483647;
			files = (
			);
			runOnlyForDeploymentPostprocessing = 0;
		};
		F1F36F14214A9F9B008FB3E5 /* Frameworks */ = {
			isa = PBXFrameworksBuildPhase;
			buildActionMask = 2147483647;
			files = (
			);
			runOnlyForDeploymentPostprocessing = 0;
		};
		F1F36F1F214A9F9B008FB3E5 /* Frameworks */ = {
			isa = PBXFrameworksBuildPhase;
			buildActionMask = 2147483647;
			files = (
			);
			runOnlyForDeploymentPostprocessing = 0;
		};
/* End PBXFrameworksBuildPhase section */

/* Begin PBXGroup section */
		F1F36EFA214A9F98008FB3E5 = {
			isa = PBXGroup;
			children = (
				F1F36F05214A9F98008FB3E5 /* Notifi */,
				F1F36F1A214A9F9B008FB3E5 /* NotifiTests */,
				F1F36F25214A9F9B008FB3E5 /* NotifiUITests */,
				F1F36F04214A9F98008FB3E5 /* Products */,
			);
			sourceTree = "<group>";
		};
		F1F36F04214A9F98008FB3E5 /* Products */ = {
			isa = PBXGroup;
			children = (
				F1F36F03214A9F98008FB3E5 /* Notifi.app */,
				F1F36F17214A9F9B008FB3E5 /* NotifiTests.xctest */,
				F1F36F22214A9F9B008FB3E5 /* NotifiUITests.xctest */,
			);
			name = Products;
			sourceTree = "<group>";
		};
		F1F36F05214A9F98008FB3E5 /* Notifi */ = {
			isa = PBXGroup;
			children = (
				F1F36F06214A9F98008FB3E5 /* AppDelegate.swift */,
				F1F36F08214A9F98008FB3E5 /* TableViewController.swift */,
				F1F36F0A214A9F98008FB3E5 /* Main.storyboard */,
				F15E0B9521710E5800D81F4C /* ActiveNotifisController.swift */,
				F1FE121D2151678700ACC512 /* CreateNotifi.swift */,
				F1A29F442159016F00592DF1 /* myNotifications.swift */,
				F1F36F36214AAB07008FB3E5 /* pickerTableViewCell.swift */,
				F1F36F38214ADA46008FB3E5 /* ContactService.swift */,
				F13C40F32152700800308ACD /* ContactServiceSorted.swift */,
				F1F36F3A214BF219008FB3E5 /* NofitiData.swift */,
				F1F36F0D214A9F9A008FB3E5 /* Assets.xcassets */,
				F1A29F46215D551C00592DF1 /* 9648554617fa4b5466ce6c6848bc7805_how-to-be-less-forgetful-quora-elephant-remember-clipart_602-425.jpg */,
				F1F36F0F214A9F9A008FB3E5 /* LaunchScreen.storyboard */,
				F1F36F12214A9F9A008FB3E5 /* Info.plist */,
			);
			path = Notifi;
			sourceTree = "<group>";
		};
		F1F36F1A214A9F9B008FB3E5 /* NotifiTests */ = {
			isa = PBXGroup;
			children = (
				F1F36F1B214A9F9B008FB3E5 /* NotifiTests.swift */,
				F1F36F1D214A9F9B008FB3E5 /* Info.plist */,
			);
			path = NotifiTests;
			sourceTree = "<group>";
		};
		F1F36F25214A9F9B008FB3E5 /* NotifiUITests */ = {
			isa = PBXGroup;
			children = (
				F1F36F26214A9F9B008FB3E5 /* NotifiUITests.swift */,
				F1F36F28214A9F9B008FB3E5 /* Info.plist */,
			);
			path = NotifiUITests;
			sourceTree = "<group>";
		};
/* End PBXGroup section */

/* Begin PBXNativeTarget section */
		F1F36F02214A9F98008FB3E5 /* Notifi */ = {
			isa = PBXNativeTarget;
			buildConfigurationList = F1F36F2B214A9F9B008FB3E5 /* Build configuration list for PBXNativeTarget "Notifi" */;
			buildPhases = (
				F1F36EFF214A9F98008FB3E5 /* Sources */,
				F1F36F00214A9F98008FB3E5 /* Frameworks */,
				F1F36F01214A9F98008FB3E5 /* Resources */,
			);
			buildRules = (
			);
			dependencies = (
			);
			name = Notifi;
			productName = Notifi;
			productReference = F1F36F03214A9F98008FB3E5 /* Notifi.app */;
			productType = "com.apple.product-type.application";
		};
		F1F36F16214A9F9B008FB3E5 /* NotifiTests */ = {
			isa = PBXNativeTarget;
			buildConfigurationList = F1F36F2E214A9F9B008FB3E5 /* Build configuration list for PBXNativeTarget "NotifiTests" */;
			buildPhases = (
				F1F36F13214A9F9B008FB3E5 /* Sources */,
				F1F36F14214A9F9B008FB3E5 /* Frameworks */,
				F1F36F15214A9F9B008FB3E5 /* Resources */,
			);
			buildRules = (
			);
			dependencies = (
				F1F36F19214A9F9B008FB3E5 /* PBXTargetDependency */,
			);
			name = NotifiTests;
			productName = NotifiTests;
			productReference = F1F36F17214A9F9B008FB3E5 /* NotifiTests.xctest */;
			productType = "com.apple.product-type.bundle.unit-test";
		};
		F1F36F21214A9F9B008FB3E5 /* NotifiUITests */ = {
			isa = PBXNativeTarget;
			buildConfigurationList = F1F36F31214A9F9B008FB3E5 /* Build configuration list for PBXNativeTarget "NotifiUITests" */;
			buildPhases = (
				F1F36F1E214A9F9B008FB3E5 /* Sources */,
				F1F36F1F214A9F9B008FB3E5 /* Frameworks */,
				F1F36F20214A9F9B008FB3E5 /* Resources */,
			);
			buildRules = (
			);
			dependencies = (
				F1F36F24214A9F9B008FB3E5 /* PBXTargetDependency */,
			);
			name = NotifiUITests;
			productName = NotifiUITests;
			productReference = F1F36F22214A9F9B008FB3E5 /* NotifiUITests.xctest */;
			productType = "com.apple.product-type.bundle.ui-testing";
		};
/* End PBXNativeTarget section */

/* Begin PBXProject section */
		F1F36EFB214A9F98008FB3E5 /* Project object */ = {
			isa = PBXProject;
			attributes = {
				KnownAssetTags = (
					b,
				);
				LastSwiftUpdateCheck = 0940;
				LastUpgradeCheck = 0940;
				ORGANIZATIONNAME = ilya_admin;
				TargetAttributes = {
					F1F36F02214A9F98008FB3E5 = {
						CreatedOnToolsVersion = 9.4.1;
						LastSwiftMigration = 1000;
					};
					F1F36F16214A9F9B008FB3E5 = {
						CreatedOnToolsVersion = 9.4.1;
						LastSwiftMigration = 1000;
						TestTargetID = F1F36F02214A9F98008FB3E5;
					};
					F1F36F21214A9F9B008FB3E5 = {
						CreatedOnToolsVersion = 9.4.1;
						LastSwiftMigration = 1000;
						TestTargetID = F1F36F02214A9F98008FB3E5;
					};
				};
			};
			buildConfigurationList = F1F36EFE214A9F98008FB3E5 /* Build configuration list for PBXProject "Notifi" */;
			compatibilityVersion = "Xcode 9.3";
			developmentRegion = en;
			hasScannedForEncodings = 0;
			knownRegions = (
				en,
				Base,
			);
			mainGroup = F1F36EFA214A9F98008FB3E5;
			productRefGroup = F1F36F04214A9F98008FB3E5 /* Products */;
			projectDirPath = "";
			projectRoot = "";
			targets = (
				F1F36F02214A9F98008FB3E5 /* Notifi */,
				F1F36F16214A9F9B008FB3E5 /* NotifiTests */,
				F1F36F21214A9F9B008FB3E5 /* NotifiUITests */,
			);
		};
/* End PBXProject section */

/* Begin PBXResourcesBuildPhase section */
		F1F36F01214A9F98008FB3E5 /* Resources */ = {
			isa = PBXResourcesBuildPhase;
			buildActionMask = 2147483647;
			files = (
				F1F36F11214A9F9A008FB3E5 /* LaunchScreen.storyboard in Resources */,
				F1F36F0E214A9F9A008FB3E5 /* Assets.xcassets in Resources */,
				F1F36F0C214A9F98008FB3E5 /* Main.storyboard in Resources */,
				F1A29F47215D551C00592DF1 /* 9648554617fa4b5466ce6c6848bc7805_how-to-be-less-forgetful-quora-elephant-remember-clipart_602-425.jpg in Resources */,
			);
			runOnlyForDeploymentPostprocessing = 0;
		};
		F1F36F15214A9F9B008FB3E5 /* Resources */ = {
			isa = PBXResourcesBuildPhase;
			buildActionMask = 2147483647;
			files = (
			);
			runOnlyForDeploymentPostprocessing = 0;
		};
		F1F36F20214A9F9B008FB3E5 /* Resources */ = {
			isa = PBXResourcesBuildPhase;
			buildActionMask = 2147483647;
			files = (
			);
			runOnlyForDeploymentPostprocessing = 0;
		};
/* End PBXResourcesBuildPhase section */

/* Begin PBXSourcesBuildPhase section */
		F1F36EFF214A9F98008FB3E5 /* Sources */ = {
			isa = PBXSourcesBuildPhase;
			buildActionMask = 2147483647;
			files = (
				F1A29F452159016F00592DF1 /* myNotifications.swift in Sources */,
				F1F36F39214ADA46008FB3E5 /* ContactService.swift in Sources */,
				F13C40F42152700800308ACD /* ContactServiceSorted.swift in Sources */,
				F1F36F37214AAB07008FB3E5 /* pickerTableViewCell.swift in Sources */,
				F1FE121E2151678700ACC512 /* CreateNotifi.swift in Sources */,
				F1F36F09214A9F98008FB3E5 /* TableViewController.swift in Sources */,
				F1F36F07214A9F98008FB3E5 /* AppDelegate.swift in Sources */,
				F15E0B9621710E5800D81F4C /* ActiveNotifisController.swift in Sources */,
				F1F36F3B214BF219008FB3E5 /* NofitiData.swift in Sources */,
			);
			runOnlyForDeploymentPostprocessing = 0;
		};
		F1F36F13214A9F9B008FB3E5 /* Sources */ = {
			isa = PBXSourcesBuildPhase;
			buildActionMask = 2147483647;
			files = (
				F1F36F1C214A9F9B008FB3E5 /* NotifiTests.swift in Sources */,
			);
			runOnlyForDeploymentPostprocessing = 0;
		};
		F1F36F1E214A9F9B008FB3E5 /* Sources */ = {
			isa = PBXSourcesBuildPhase;
			buildActionMask = 2147483647;
			files = (
				F1F36F27214A9F9B008FB3E5 /* NotifiUITests.swift in Sources */,
			);
			runOnlyForDeploymentPostprocessing = 0;
		};
/* End PBXSourcesBuildPhase section */

/* Begin PBXTargetDependency section */
		F1F36F19214A9F9B008FB3E5 /* PBXTargetDependency */ = {
			isa = PBXTargetDependency;
			target = F1F36F02214A9F98008FB3E5 /* Notifi */;
			targetProxy = F1F36F18214A9F9B008FB3E5 /* PBXContainerItemProxy */;
		};
		F1F36F24214A9F9B008FB3E5 /* PBXTargetDependency */ = {
			isa = PBXTargetDependency;
			target = F1F36F02214A9F98008FB3E5 /* Notifi */;
			targetProxy = F1F36F23214A9F9B008FB3E5 /* PBXContainerItemProxy */;
		};
/* End PBXTargetDependency section */

/* Begin PBXVariantGroup section */
		F1F36F0A214A9F98008FB3E5 /* Main.storyboard */ = {
			isa = PBXVariantGroup;
			children = (
				F1F36F0B214A9F98008FB3E5 /* Base */,
			);
			name = Main.storyboard;
			sourceTree = "<group>";
		};
		F1F36F0F214A9F9A008FB3E5 /* LaunchScreen.storyboard */ = {
			isa = PBXVariantGroup;
			children = (
				F1F36F10214A9F9A008FB3E5 /* Base */,
			);
			name = LaunchScreen.storyboard;
			sourceTree = "<group>";
		};
/* End PBXVariantGroup section */

/* Begin XCBuildConfiguration section */
		F1F36F29214A9F9B008FB3E5 /* Debug */ = {
			isa = XCBuildConfiguration;
			buildSettings = {
				ALWAYS_SEARCH_USER_PATHS = NO;
				CLANG_ANALYZER_NONNULL = YES;
				CLANG_ANALYZER_NUMBER_OBJECT_CONVERSION = YES_AGGRESSIVE;
				CLANG_CXX_LANGUAGE_STANDARD = "gnu++14";
				CLANG_CXX_LIBRARY = "libc++";
				CLANG_ENABLE_MODULES = YES;
				CLANG_ENABLE_OBJC_ARC = YES;
				CLANG_ENABLE_OBJC_WEAK = YES;
				CLANG_WARN_BLOCK_CAPTURE_AUTORELEASING = YES;
				CLANG_WARN_BOOL_CONVERSION = YES;
				CLANG_WARN_COMMA = YES;
				CLANG_WARN_CONSTANT_CONVERSION = YES;
				CLANG_WARN_DEPRECATED_OBJC_IMPLEMENTATIONS = YES;
				CLANG_WARN_DIRECT_OBJC_ISA_USAGE = YES_ERROR;
				CLANG_WARN_DOCUMENTATION_COMMENTS = YES;
				CLANG_WARN_EMPTY_BODY = YES;
				CLANG_WARN_ENUM_CONVERSION = YES;
				CLANG_WARN_INFINITE_RECURSION = YES;
				CLANG_WARN_INT_CONVERSION = YES;
				CLANG_WARN_NON_LITERAL_NULL_CONVERSION = YES;
				CLANG_WARN_OBJC_IMPLICIT_RETAIN_SELF = YES;
				CLANG_WARN_OBJC_LITERAL_CONVERSION = YES;
				CLANG_WARN_OBJC_ROOT_CLASS = YES_ERROR;
				CLANG_WARN_RANGE_LOOP_ANALYSIS = YES;
				CLANG_WARN_STRICT_PROTOTYPES = YES;
				CLANG_WARN_SUSPICIOUS_MOVE = YES;
				CLANG_WARN_UNGUARDED_AVAILABILITY = YES_AGGRESSIVE;
				CLANG_WARN_UNREACHABLE_CODE = YES;
				CLANG_WARN__DUPLICATE_METHOD_MATCH = YES;
				CODE_SIGN_IDENTITY = "iPhone Developer";
				COPY_PHASE_STRIP = NO;
				DEBUG_INFORMATION_FORMAT = dwarf;
				ENABLE_STRICT_OBJC_MSGSEND = YES;
				ENABLE_TESTABILITY = YES;
				GCC_C_LANGUAGE_STANDARD = gnu11;
				GCC_DYNAMIC_NO_PIC = NO;
				GCC_NO_COMMON_BLOCKS = YES;
				GCC_OPTIMIZATION_LEVEL = 0;
				GCC_PREPROCESSOR_DEFINITIONS = (
					"DEBUG=1",
					"$(inherited)",
				);
				GCC_WARN_64_TO_32_BIT_CONVERSION = YES;
				GCC_WARN_ABOUT_RETURN_TYPE = YES_ERROR;
				GCC_WARN_UNDECLARED_SELECTOR = YES;
				GCC_WARN_UNINITIALIZED_AUTOS = YES_AGGRESSIVE;
				GCC_WARN_UNUSED_FUNCTION = YES;
				GCC_WARN_UNUSED_VARIABLE = YES;
				IPHONEOS_DEPLOYMENT_TARGET = 11.4;
				MTL_ENABLE_DEBUG_INFO = YES;
				ONLY_ACTIVE_ARCH = YES;
				SDKROOT = iphoneos;
				SWIFT_ACTIVE_COMPILATION_CONDITIONS = DEBUG;
				SWIFT_OPTIMIZATION_LEVEL = "-Onone";
			};
			name = Debug;
		};
		F1F36F2A214A9F9B008FB3E5 /* Release */ = {
			isa = XCBuildConfiguration;
			buildSettings = {
				ALWAYS_SEARCH_USER_PATHS = NO;
				CLANG_ANALYZER_NONNULL = YES;
				CLANG_ANALYZER_NUMBER_OBJECT_CONVERSION = YES_AGGRESSIVE;
				CLANG_CXX_LANGUAGE_STANDARD = "gnu++14";
				CLANG_CXX_LIBRARY = "libc++";
				CLANG_ENABLE_MODULES = YES;
				CLANG_ENABLE_OBJC_ARC = YES;
				CLANG_ENABLE_OBJC_WEAK = YES;
				CLANG_WARN_BLOCK_CAPTURE_AUTORELEASING = YES;
				CLANG_WARN_BOOL_CONVERSION = YES;
				CLANG_WARN_COMMA = YES;
				CLANG_WARN_CONSTANT_CONVERSION = YES;
				CLANG_WARN_DEPRECATED_OBJC_IMPLEMENTATIONS = YES;
				CLANG_WARN_DIRECT_OBJC_ISA_USAGE = YES_ERROR;
				CLANG_WARN_DOCUMENTATION_COMMENTS = YES;
				CLANG_WARN_EMPTY_BODY = YES;
				CLANG_WARN_ENUM_CONVERSION = YES;
				CLANG_WARN_INFINITE_RECURSION = YES;
				CLANG_WARN_INT_CONVERSION = YES;
				CLANG_WARN_NON_LITERAL_NULL_CONVERSION = YES;
				CLANG_WARN_OBJC_IMPLICIT_RETAIN_SELF = YES;
				CLANG_WARN_OBJC_LITERAL_CONVERSION = YES;
				CLANG_WARN_OBJC_ROOT_CLASS = YES_ERROR;
				CLANG_WARN_RANGE_LOOP_ANALYSIS = YES;
				CLANG_WARN_STRICT_PROTOTYPES = YES;
				CLANG_WARN_SUSPICIOUS_MOVE = YES;
				CLANG_WARN_UNGUARDED_AVAILABILITY = YES_AGGRESSIVE;
				CLANG_WARN_UNREACHABLE_CODE = YES;
				CLANG_WARN__DUPLICATE_METHOD_MATCH = YES;
				CODE_SIGN_IDENTITY = "iPhone Developer";
				COPY_PHASE_STRIP = NO;
				DEBUG_INFORMATION_FORMAT = "dwarf-with-dsym";
				ENABLE_NS_ASSERTIONS = NO;
				ENABLE_STRICT_OBJC_MSGSEND = YES;
				GCC_C_LANGUAGE_STANDARD = gnu11;
				GCC_NO_COMMON_BLOCKS = YES;
				GCC_WARN_64_TO_32_BIT_CONVERSION = YES;
				GCC_WARN_ABOUT_RETURN_TYPE = YES_ERROR;
				GCC_WARN_UNDECLARED_SELECTOR = YES;
				GCC_WARN_UNINITIALIZED_AUTOS = YES_AGGRESSIVE;
				GCC_WARN_UNUSED_FUNCTION = YES;
				GCC_WARN_UNUSED_VARIABLE = YES;
				IPHONEOS_DEPLOYMENT_TARGET = 11.4;
				MTL_ENABLE_DEBUG_INFO = NO;
				SDKROOT = iphoneos;
				SWIFT_COMPILATION_MODE = wholemodule;
				SWIFT_OPTIMIZATION_LEVEL = "-O";
				VALIDATE_PRODUCT = YES;
			};
			name = Release;
		};
		F1F36F2C214A9F9B008FB3E5 /* Debug */ = {
			isa = XCBuildConfiguration;
			buildSettings = {
				ASSETCATALOG_COMPILER_APPICON_NAME = AppIcon;
				CODE_SIGN_STYLE = Automatic;
				DEVELOPMENT_TEAM = E38K59VCJT;
				INFOPLIST_FILE = Notifi/Info.plist;
				LD_RUNPATH_SEARCH_PATHS = (
					"$(inherited)",
					"@executable_path/Frameworks",
				);
				PRODUCT_BUNDLE_IDENTIFIER = com.ilya.Notifi;
				PRODUCT_NAME = "$(TARGET_NAME)";
				SWIFT_VERSION = 4.2;
				TARGETED_DEVICE_FAMILY = "1,2";
			};
			name = Debug;
		};
		F1F36F2D214A9F9B008FB3E5 /* Release */ = {
			isa = XCBuildConfiguration;
			buildSettings = {
				ASSETCATALOG_COMPILER_APPICON_NAME = AppIcon;
				CODE_SIGN_STYLE = Automatic;
				DEVELOPMENT_TEAM = E38K59VCJT;
				INFOPLIST_FILE = Notifi/Info.plist;
				LD_RUNPATH_SEARCH_PATHS = (
					"$(inherited)",
					"@executable_path/Frameworks",
				);
				PRODUCT_BUNDLE_IDENTIFIER = com.ilya.Notifi;
				PRODUCT_NAME = "$(TARGET_NAME)";
				SWIFT_VERSION = 4.2;
				TARGETED_DEVICE_FAMILY = "1,2";
			};
			name = Release;
		};
		F1F36F2F214A9F9B008FB3E5 /* Debug */ = {
			isa = XCBuildConfiguration;
			buildSettings = {
				ALWAYS_EMBED_SWIFT_STANDARD_LIBRARIES = YES;
				BUNDLE_LOADER = "$(TEST_HOST)";
				CODE_SIGN_STYLE = Automatic;
				DEVELOPMENT_TEAM = E38K59VCJT;
				INFOPLIST_FILE = NotifiTests/Info.plist;
				LD_RUNPATH_SEARCH_PATHS = (
					"$(inherited)",
					"@executable_path/Frameworks",
					"@loader_path/Frameworks",
				);
				PRODUCT_BUNDLE_IDENTIFIER = com.xamarin.NotifiTests;
				PRODUCT_NAME = "$(TARGET_NAME)";
				SWIFT_VERSION = 4.2;
				TARGETED_DEVICE_FAMILY = "1,2";
				TEST_HOST = "$(BUILT_PRODUCTS_DIR)/Notifi.app/Notifi";
			};
			name = Debug;
		};
		F1F36F30214A9F9B008FB3E5 /* Release */ = {
			isa = XCBuildConfiguration;
			buildSettings = {
				ALWAYS_EMBED_SWIFT_STANDARD_LIBRARIES = YES;
				BUNDLE_LOADER = "$(TEST_HOST)";
				CODE_SIGN_STYLE = Automatic;
				DEVELOPMENT_TEAM = E38K59VCJT;
				INFOPLIST_FILE = NotifiTests/Info.plist;
				LD_RUNPATH_SEARCH_PATHS = (
					"$(inherited)",
					"@executable_path/Frameworks",
					"@loader_path/Frameworks",
				);
				PRODUCT_BUNDLE_IDENTIFIER = com.xamarin.NotifiTests;
				PRODUCT_NAME = "$(TARGET_NAME)";
				SWIFT_VERSION = 4.2;
				TARGETED_DEVICE_FAMILY = "1,2";
				TEST_HOST = "$(BUILT_PRODUCTS_DIR)/Notifi.app/Notifi";
			};
			name = Release;
		};
		F1F36F32214A9F9B008FB3E5 /* Debug */ = {
			isa = XCBuildConfiguration;
			buildSettings = {
				ALWAYS_EMBED_SWIFT_STANDARD_LIBRARIES = YES;
				CODE_SIGN_STYLE = Automatic;
				DEVELOPMENT_TEAM = E38K59VCJT;
				INFOPLIST_FILE = NotifiUITests/Info.plist;
				LD_RUNPATH_SEARCH_PATHS = (
					"$(inherited)",
					"@executable_path/Frameworks",
					"@loader_path/Frameworks",
				);
				PRODUCT_BUNDLE_IDENTIFIER = com.xamarin.NotifiUITests;
				PRODUCT_NAME = "$(TARGET_NAME)";
				SWIFT_VERSION = 4.2;
				TARGETED_DEVICE_FAMILY = "1,2";
				TEST_TARGET_NAME = Notifi;
			};
			name = Debug;
		};
		F1F36F33214A9F9B008FB3E5 /* Release */ = {
			isa = XCBuildConfiguration;
			buildSettings = {
				ALWAYS_EMBED_SWIFT_STANDARD_LIBRARIES = YES;
				CODE_SIGN_STYLE = Automatic;
				DEVELOPMENT_TEAM = E38K59VCJT;
				INFOPLIST_FILE = NotifiUITests/Info.plist;
				LD_RUNPATH_SEARCH_PATHS = (
					"$(inherited)",
					"@executable_path/Frameworks",
					"@loader_path/Frameworks",
				);
				PRODUCT_BUNDLE_IDENTIFIER = com.xamarin.NotifiUITests;
				PRODUCT_NAME = "$(TARGET_NAME)";
				SWIFT_VERSION = 4.2;
				TARGETED_DEVICE_FAMILY = "1,2";
				TEST_TARGET_NAME = Notifi;
			};
			name = Release;
		};
/* End XCBuildConfiguration section */

/* Begin XCConfigurationList section */
		F1F36EFE214A9F98008FB3E5 /* Build configuration list for PBXProject "Notifi" */ = {
			isa = XCConfigurationList;
			buildConfigurations = (
				F1F36F29214A9F9B008FB3E5 /* Debug */,
				F1F36F2A214A9F9B008FB3E5 /* Release */,
			);
			defaultConfigurationIsVisible = 0;
			defaultConfigurationName = Release;
		};
		F1F36F2B214A9F9B008FB3E5 /* Build configuration list for PBXNativeTarget "Notifi" */ = {
			isa = XCConfigurationList;
			buildConfigurations = (
				F1F36F2C214A9F9B008FB3E5 /* Debug */,
				F1F36F2D214A9F9B008FB3E5 /* Release */,
			);
			defaultConfigurationIsVisible = 0;
			defaultConfigurationName = Release;
		};
		F1F36F2E214A9F9B008FB3E5 /* Build configuration list for PBXNativeTarget "NotifiTests" */ = {
			isa = XCConfigurationList;
			buildConfigurations = (
				F1F36F2F214A9F9B008FB3E5 /* Debug */,
				F1F36F30214A9F9B008FB3E5 /* Release */,
			);
			defaultConfigurationIsVisible = 0;
			defaultConfigurationName = Release;
		};
		F1F36F31214A9F9B008FB3E5 /* Build configuration list for PBXNativeTarget "NotifiUITests" */ = {
			isa = XCConfigurationList;
			buildConfigurations = (
				F1F36F32214A9F9B008FB3E5 /* Debug */,
				F1F36F33214A9F9B008FB3E5 /* Release */,
			);
			defaultConfigurationIsVisible = 0;
			defaultConfigurationName = Release;
		};
/* End XCConfigurationList section */
	};
	rootObject = F1F36EFB214A9F98008FB3E5 /* Project object */;
}
