// !$*UTF8*$!
{
	archiveVersion = 1;
	classes = {
	};
	objectVersion = 50;
	objects = {

/* Begin PBXBuildFile section */
		1B513B5B34518113C4834851 /* Pods_Notifi.framework in Frameworks */ = {isa = PBXBuildFile; fileRef = 26FDBF0B829C23F63DCF054C /* Pods_Notifi.framework */; };
		9960E16856BAB84ABD75A501 /* Pods_NotifiUITests.framework in Frameworks */ = {isa = PBXBuildFile; fileRef = D15B64156065FDF93F8A6AB9 /* Pods_NotifiUITests.framework */; };
		EA93E068EA1CFEBCC7310C53 /* Pods_NotifiTests.framework in Frameworks */ = {isa = PBXBuildFile; fileRef = 73B48BFC9FF63CC8F67E2B99 /* Pods_NotifiTests.framework */; };
		F1032B9E218AEC8100CA5B38 /* nameCell.swift in Sources */ = {isa = PBXBuildFile; fileRef = F1032B9D218AEC8100CA5B38 /* nameCell.swift */; };
		F1245DFA21A48B2700720A74 /* icons8-user-account-filled-90@3x.png in Resources */ = {isa = PBXBuildFile; fileRef = F1245DF921A48B2600720A74 /* icons8-user-account-filled-90@3x.png */; };
		F1245DFC21A48BDC00720A74 /* icons8-alarm-clock-filled-90@3x.png in Resources */ = {isa = PBXBuildFile; fileRef = F1245DFB21A48BDB00720A74 /* icons8-alarm-clock-filled-90@3x.png */; };
		F1245DFE21A48D1100720A74 /* icons8-add-phone-90@3x.png in Resources */ = {isa = PBXBuildFile; fileRef = F1245DFD21A48D1000720A74 /* icons8-add-phone-90@3x.png */; };
		F1245E0821A7401900720A74 /* icons8-user-account-filled-90@2x.png in Resources */ = {isa = PBXBuildFile; fileRef = F1245E0521A7401800720A74 /* icons8-user-account-filled-90@2x.png */; };
		F1245E0921A7401900720A74 /* icons8-alarm-clock-filled-90@2x.png in Resources */ = {isa = PBXBuildFile; fileRef = F1245E0621A7401800720A74 /* icons8-alarm-clock-filled-90@2x.png */; };
		F1245E0A21A7401900720A74 /* icons8-add-phone-90@2x.png in Resources */ = {isa = PBXBuildFile; fileRef = F1245E0721A7401800720A74 /* icons8-add-phone-90@2x.png */; };
		F13C40F42152700800308ACD /* ContactServiceSorted.swift in Sources */ = {isa = PBXBuildFile; fileRef = F13C40F32152700800308ACD /* ContactServiceSorted.swift */; };
		F1592A85221887670044AC4F /* emailAgent.swift in Sources */ = {isa = PBXBuildFile; fileRef = F1592A84221887670044AC4F /* emailAgent.swift */; };
		F1592A872219FB980044AC4F /* HistoryController.swift in Sources */ = {isa = PBXBuildFile; fileRef = F1592A862219FB980044AC4F /* HistoryController.swift */; };
		F1592A89221C80420044AC4F /* HistoryCell.swift in Sources */ = {isa = PBXBuildFile; fileRef = F1592A88221C80420044AC4F /* HistoryCell.swift */; };
		F15E0B9621710E5800D81F4C /* ActiveNotifisController.swift in Sources */ = {isa = PBXBuildFile; fileRef = F15E0B9521710E5800D81F4C /* ActiveNotifisController.swift */; };
		F15E0B982172646F00D81F4C /* ActiveNotifiCell.swift in Sources */ = {isa = PBXBuildFile; fileRef = F15E0B972172646F00D81F4C /* ActiveNotifiCell.swift */; };
		F173BC5021D00C7A00BC2B24 /* calendarCell.swift in Sources */ = {isa = PBXBuildFile; fileRef = F173BC4F21D00C7A00BC2B24 /* calendarCell.swift */; };
		F173BC5221D2A43900BC2B24 /* CalendarController.swift in Sources */ = {isa = PBXBuildFile; fileRef = F173BC5121D2A43900BC2B24 /* CalendarController.swift */; };
		F173BC5421E1310400BC2B24 /* ActiveNotifiData.swift in Sources */ = {isa = PBXBuildFile; fileRef = F173BC5321E1310300BC2B24 /* ActiveNotifiData.swift */; };
		F173BC5621E5216E00BC2B24 /* ActiveNotifiDataTableCell.swift in Sources */ = {isa = PBXBuildFile; fileRef = F173BC5521E5216E00BC2B24 /* ActiveNotifiDataTableCell.swift */; };
		F173BC5821F4EFFE00BC2B24 /* randomCollectionCell.swift in Sources */ = {isa = PBXBuildFile; fileRef = F173BC5721F4EFFE00BC2B24 /* randomCollectionCell.swift */; };
		F18FB7F521CEB6CE003C0B41 /* icons8-decision-filled@3x.png in Resources */ = {isa = PBXBuildFile; fileRef = F18FB7F421CEB6CE003C0B41 /* icons8-decision-filled@3x.png */; };
		F18FB7F721CEB6E4003C0B41 /* icons8-decision-filled@2x.png in Resources */ = {isa = PBXBuildFile; fileRef = F18FB7F621CEB6E4003C0B41 /* icons8-decision-filled@2x.png */; };
		F18FB7F921CEB6F3003C0B41 /* icons8-decision-filled@1x.png in Resources */ = {isa = PBXBuildFile; fileRef = F18FB7F821CEB6F2003C0B41 /* icons8-decision-filled@1x.png */; };
		F1A29F452159016F00592DF1 /* myNotifications.swift in Sources */ = {isa = PBXBuildFile; fileRef = F1A29F442159016F00592DF1 /* myNotifications.swift */; };
		F1B6D6CD223830CC0043CB46 /* smallStoryBoard.storyboard in Resources */ = {isa = PBXBuildFile; fileRef = F1B6D6CC223830CC0043CB46 /* smallStoryBoard.storyboard */; };
		F1B6D6CF223982800043CB46 /* bigStoryBoard.storyboard in Resources */ = {isa = PBXBuildFile; fileRef = F1B6D6CE223982800043CB46 /* bigStoryBoard.storyboard */; };
		F1EC60B5217F89E70089ADF1 /* randomViewController.swift in Sources */ = {isa = PBXBuildFile; fileRef = F1EC60B4217F89E70089ADF1 /* randomViewController.swift */; };
		F1F36F07214A9F98008FB3E5 /* AppDelegate.swift in Sources */ = {isa = PBXBuildFile; fileRef = F1F36F06214A9F98008FB3E5 /* AppDelegate.swift */; };
		F1F36F09214A9F98008FB3E5 /* TableViewController.swift in Sources */ = {isa = PBXBuildFile; fileRef = F1F36F08214A9F98008FB3E5 /* TableViewController.swift */; };
		F1F36F0C214A9F98008FB3E5 /* Main.storyboard in Resources */ = {isa = PBXBuildFile; fileRef = F1F36F0A214A9F98008FB3E5 /* Main.storyboard */; };
		F1F36F0E214A9F9A008FB3E5 /* Assets.xcassets in Resources */ = {isa = PBXBuildFile; fileRef = F1F36F0D214A9F9A008FB3E5 /* Assets.xcassets */; };
		F1F36F11214A9F9A008FB3E5 /* LaunchScreen.storyboard in Resources */ = {isa = PBXBuildFile; fileRef = F1F36F0F214A9F9A008FB3E5 /* LaunchScreen.storyboard */; };
		F1F36F1C214A9F9B008FB3E5 /* NotifiTests.swift in Sources */ = {isa = PBXBuildFile; fileRef = F1F36F1B214A9F9B008FB3E5 /* NotifiTests.swift */; };
		F1F36F27214A9F9B008FB3E5 /* NotifiUITests.swift in Sources */ = {isa = PBXBuildFile; fileRef = F1F36F26214A9F9B008FB3E5 /* NotifiUITests.swift */; };
		F1F36F37214AAB07008FB3E5 /* pickerTableViewCell.swift in Sources */ = {isa = PBXBuildFile; fileRef = F1F36F36214AAB07008FB3E5 /* pickerTableViewCell.swift */; };
		F1F36F3B214BF219008FB3E5 /* NofitiData.swift in Sources */ = {isa = PBXBuildFile; fileRef = F1F36F3A214BF219008FB3E5 /* NofitiData.swift */; };
		F1FE121E2151678700ACC512 /* CreateNotifi.swift in Sources */ = {isa = PBXBuildFile; fileRef = F1FE121D2151678700ACC512 /* CreateNotifi.swift */; };
/* End PBXBuildFile section */

/* Begin PBXContainerItemProxy section */
		F1F36F18214A9F9B008FB3E5 /* PBXContainerItemProxy */ = {
			isa = PBXContainerItemProxy;
			containerPortal = F1F36EFB214A9F98008FB3E5 /* Project object */;
			proxyType = 1;
			remoteGlobalIDString = F1F36F02214A9F98008FB3E5;
			remoteInfo = Notifi;
		};
		F1F36F23214A9F9B008FB3E5 /* PBXContainerItemProxy */ = {
			isa = PBXContainerItemProxy;
			containerPortal = F1F36EFB214A9F98008FB3E5 /* Project object */;
			proxyType = 1;
			remoteGlobalIDString = F1F36F02214A9F98008FB3E5;
			remoteInfo = Notifi;
		};
/* End PBXContainerItemProxy section */

/* Begin PBXFileReference section */
		024C479912FE270E6601DCA5 /* Pods-NotifiTests.release.xcconfig */ = {isa = PBXFileReference; includeInIndex = 1; lastKnownFileType = text.xcconfig; name = "Pods-NotifiTests.release.xcconfig"; path = "Pods/Target Support Files/Pods-NotifiTests/Pods-NotifiTests.release.xcconfig"; sourceTree = "<group>"; };
		26FDBF0B829C23F63DCF054C /* Pods_Notifi.framework */ = {isa = PBXFileReference; explicitFileType = wrapper.framework; includeInIndex = 0; path = Pods_Notifi.framework; sourceTree = BUILT_PRODUCTS_DIR; };
		322126D9581F2FD2173EC9C9 /* Pods-Notifi.debug.xcconfig */ = {isa = PBXFileReference; includeInIndex = 1; lastKnownFileType = text.xcconfig; name = "Pods-Notifi.debug.xcconfig"; path = "Pods/Target Support Files/Pods-Notifi/Pods-Notifi.debug.xcconfig"; sourceTree = "<group>"; };
		730E758C842C86CFAFD9B443 /* Pods-Notifi.release.xcconfig */ = {isa = PBXFileReference; includeInIndex = 1; lastKnownFileType = text.xcconfig; name = "Pods-Notifi.release.xcconfig"; path = "Pods/Target Support Files/Pods-Notifi/Pods-Notifi.release.xcconfig"; sourceTree = "<group>"; };
		73B48BFC9FF63CC8F67E2B99 /* Pods_NotifiTests.framework */ = {isa = PBXFileReference; explicitFileType = wrapper.framework; includeInIndex = 0; path = Pods_NotifiTests.framework; sourceTree = BUILT_PRODUCTS_DIR; };
		AE12F36397B12857F3048907 /* Pods-NotifiUITests.release.xcconfig */ = {isa = PBXFileReference; includeInIndex = 1; lastKnownFileType = text.xcconfig; name = "Pods-NotifiUITests.release.xcconfig"; path = "Pods/Target Support Files/Pods-NotifiUITests/Pods-NotifiUITests.release.xcconfig"; sourceTree = "<group>"; };
		C88CEFB5A6330F8BF7F4A1F7 /* Pods-NotifiUITests.debug.xcconfig */ = {isa = PBXFileReference; includeInIndex = 1; lastKnownFileType = text.xcconfig; name = "Pods-NotifiUITests.debug.xcconfig"; path = "Pods/Target Support Files/Pods-NotifiUITests/Pods-NotifiUITests.debug.xcconfig"; sourceTree = "<group>"; };
		D15B64156065FDF93F8A6AB9 /* Pods_NotifiUITests.framework */ = {isa = PBXFileReference; explicitFileType = wrapper.framework; includeInIndex = 0; path = Pods_NotifiUITests.framework; sourceTree = BUILT_PRODUCTS_DIR; };
		D7CE61E8A7BF2724F9515905 /* Pods-NotifiTests.debug.xcconfig */ = {isa = PBXFileReference; includeInIndex = 1; lastKnownFileType = text.xcconfig; name = "Pods-NotifiTests.debug.xcconfig"; path = "Pods/Target Support Files/Pods-NotifiTests/Pods-NotifiTests.debug.xcconfig"; sourceTree = "<group>"; };
		F1032B9D218AEC8100CA5B38 /* nameCell.swift */ = {isa = PBXFileReference; lastKnownFileType = sourcecode.swift; path = nameCell.swift; sourceTree = "<group>"; };
		F1245DF921A48B2600720A74 /* icons8-user-account-filled-90@3x.png */ = {isa = PBXFileReference; lastKnownFileType = image.png; path = "icons8-user-account-filled-90@3x.png"; sourceTree = "<group>"; };
		F1245DFB21A48BDB00720A74 /* icons8-alarm-clock-filled-90@3x.png */ = {isa = PBXFileReference; lastKnownFileType = image.png; path = "icons8-alarm-clock-filled-90@3x.png"; sourceTree = "<group>"; };
		F1245DFD21A48D1000720A74 /* icons8-add-phone-90@3x.png */ = {isa = PBXFileReference; lastKnownFileType = image.png; path = "icons8-add-phone-90@3x.png"; sourceTree = "<group>"; };
		F1245E0521A7401800720A74 /* icons8-user-account-filled-90@2x.png */ = {isa = PBXFileReference; lastKnownFileType = image.png; path = "icons8-user-account-filled-90@2x.png"; sourceTree = "<group>"; };
		F1245E0621A7401800720A74 /* icons8-alarm-clock-filled-90@2x.png */ = {isa = PBXFileReference; lastKnownFileType = image.png; path = "icons8-alarm-clock-filled-90@2x.png"; sourceTree = "<group>"; };
		F1245E0721A7401800720A74 /* icons8-add-phone-90@2x.png */ = {isa = PBXFileReference; lastKnownFileType = image.png; path = "icons8-add-phone-90@2x.png"; sourceTree = "<group>"; };
		F13C40F32152700800308ACD /* ContactServiceSorted.swift */ = {isa = PBXFileReference; lastKnownFileType = sourcecode.swift; path = ContactServiceSorted.swift; sourceTree = "<group>"; };
		F1592A84221887670044AC4F /* emailAgent.swift */ = {isa = PBXFileReference; lastKnownFileType = sourcecode.swift; path = emailAgent.swift; sourceTree = "<group>"; };
		F1592A862219FB980044AC4F /* HistoryController.swift */ = {isa = PBXFileReference; lastKnownFileType = sourcecode.swift; path = HistoryController.swift; sourceTree = "<group>"; };
		F1592A88221C80420044AC4F /* HistoryCell.swift */ = {isa = PBXFileReference; lastKnownFileType = sourcecode.swift; path = HistoryCell.swift; sourceTree = "<group>"; };
		F15E0B9521710E5800D81F4C /* ActiveNotifisController.swift */ = {isa = PBXFileReference; lastKnownFileType = sourcecode.swift; path = ActiveNotifisController.swift; sourceTree = "<group>"; };
		F15E0B972172646F00D81F4C /* ActiveNotifiCell.swift */ = {isa = PBXFileReference; lastKnownFileType = sourcecode.swift; path = ActiveNotifiCell.swift; sourceTree = "<group>"; };
		F173BC4F21D00C7A00BC2B24 /* calendarCell.swift */ = {isa = PBXFileReference; lastKnownFileType = sourcecode.swift; path = calendarCell.swift; sourceTree = "<group>"; };
		F173BC5121D2A43900BC2B24 /* CalendarController.swift */ = {isa = PBXFileReference; lastKnownFileType = sourcecode.swift; path = CalendarController.swift; sourceTree = "<group>"; };
		F173BC5321E1310300BC2B24 /* ActiveNotifiData.swift */ = {isa = PBXFileReference; lastKnownFileType = sourcecode.swift; path = ActiveNotifiData.swift; sourceTree = "<group>"; };
		F173BC5521E5216E00BC2B24 /* ActiveNotifiDataTableCell.swift */ = {isa = PBXFileReference; lastKnownFileType = sourcecode.swift; path = ActiveNotifiDataTableCell.swift; sourceTree = "<group>"; };
		F173BC5721F4EFFE00BC2B24 /* randomCollectionCell.swift */ = {isa = PBXFileReference; lastKnownFileType = sourcecode.swift; path = randomCollectionCell.swift; sourceTree = "<group>"; };
		F18FB7F421CEB6CE003C0B41 /* icons8-decision-filled@3x.png */ = {isa = PBXFileReference; lastKnownFileType = image.png; path = "icons8-decision-filled@3x.png"; sourceTree = "<group>"; };
		F18FB7F621CEB6E4003C0B41 /* icons8-decision-filled@2x.png */ = {isa = PBXFileReference; lastKnownFileType = image.png; path = "icons8-decision-filled@2x.png"; sourceTree = "<group>"; };
		F18FB7F821CEB6F2003C0B41 /* icons8-decision-filled@1x.png */ = {isa = PBXFileReference; lastKnownFileType = image.png; path = "icons8-decision-filled@1x.png"; sourceTree = "<group>"; };
		F1A29F442159016F00592DF1 /* myNotifications.swift */ = {isa = PBXFileReference; lastKnownFileType = sourcecode.swift; path = myNotifications.swift; sourceTree = "<group>"; };
		F1B6D6CC223830CC0043CB46 /* smallStoryBoard.storyboard */ = {isa = PBXFileReference; lastKnownFileType = file.storyboard; path = smallStoryBoard.storyboard; sourceTree = "<group>"; };
		F1B6D6CE223982800043CB46 /* bigStoryBoard.storyboard */ = {isa = PBXFileReference; lastKnownFileType = file.storyboard; path = bigStoryBoard.storyboard; sourceTree = "<group>"; };
		F1EC60B4217F89E70089ADF1 /* randomViewController.swift */ = {isa = PBXFileReference; lastKnownFileType = sourcecode.swift; path = randomViewController.swift; sourceTree = "<group>"; };
		F1F36F03214A9F98008FB3E5 /* Notifi.app */ = {isa = PBXFileReference; explicitFileType = wrapper.application; includeInIndex = 0; path = Notifi.app; sourceTree = BUILT_PRODUCTS_DIR; };
		F1F36F06214A9F98008FB3E5 /* AppDelegate.swift */ = {isa = PBXFileReference; lastKnownFileType = sourcecode.swift; path = AppDelegate.swift; sourceTree = "<group>"; };
		F1F36F08214A9F98008FB3E5 /* TableViewController.swift */ = {isa = PBXFileReference; lastKnownFileType = sourcecode.swift; path = TableViewController.swift; sourceTree = "<group>"; };
		F1F36F0B214A9F98008FB3E5 /* Base */ = {isa = PBXFileReference; lastKnownFileType = file.storyboard; name = Base; path = Base.lproj/Main.storyboard; sourceTree = "<group>"; };
		F1F36F0D214A9F9A008FB3E5 /* Assets.xcassets */ = {isa = PBXFileReference; lastKnownFileType = folder.assetcatalog; path = Assets.xcassets; sourceTree = "<group>"; };
		F1F36F10214A9F9A008FB3E5 /* Base */ = {isa = PBXFileReference; lastKnownFileType = file.storyboard; name = Base; path = Base.lproj/LaunchScreen.storyboard; sourceTree = "<group>"; };
		F1F36F12214A9F9A008FB3E5 /* Info.plist */ = {isa = PBXFileReference; lastKnownFileType = text.plist.xml; path = Info.plist; sourceTree = "<group>"; };
		F1F36F17214A9F9B008FB3E5 /* NotifiTests.xctest */ = {isa = PBXFileReference; explicitFileType = wrapper.cfbundle; includeInIndex = 0; path = NotifiTests.xctest; sourceTree = BUILT_PRODUCTS_DIR; };
		F1F36F1B214A9F9B008FB3E5 /* NotifiTests.swift */ = {isa = PBXFileReference; lastKnownFileType = sourcecode.swift; path = NotifiTests.swift; sourceTree = "<group>"; };
		F1F36F1D214A9F9B008FB3E5 /* Info.plist */ = {isa = PBXFileReference; lastKnownFileType = text.plist.xml; path = Info.plist; sourceTree = "<group>"; };
		F1F36F22214A9F9B008FB3E5 /* NotifiUITests.xctest */ = {isa = PBXFileReference; explicitFileType = wrapper.cfbundle; includeInIndex = 0; path = NotifiUITests.xctest; sourceTree = BUILT_PRODUCTS_DIR; };
		F1F36F26214A9F9B008FB3E5 /* NotifiUITests.swift */ = {isa = PBXFileReference; lastKnownFileType = sourcecode.swift; path = NotifiUITests.swift; sourceTree = "<group>"; };
		F1F36F28214A9F9B008FB3E5 /* Info.plist */ = {isa = PBXFileReference; lastKnownFileType = text.plist.xml; path = Info.plist; sourceTree = "<group>"; };
		F1F36F36214AAB07008FB3E5 /* pickerTableViewCell.swift */ = {isa = PBXFileReference; lastKnownFileType = sourcecode.swift; path = pickerTableViewCell.swift; sourceTree = "<group>"; };
		F1F36F3A214BF219008FB3E5 /* NofitiData.swift */ = {isa = PBXFileReference; lastKnownFileType = sourcecode.swift; path = NofitiData.swift; sourceTree = "<group>"; };
		F1FE121D2151678700ACC512 /* CreateNotifi.swift */ = {isa = PBXFileReference; lastKnownFileType = sourcecode.swift; path = CreateNotifi.swift; sourceTree = "<group>"; };
/* End PBXFileReference section */

/* Begin PBXFrameworksBuildPhase section */
		F1F36F00214A9F98008FB3E5 /* Frameworks */ = {
			isa = PBXFrameworksBuildPhase;
			buildActionMask = 2147483647;
			files = (
				1B513B5B34518113C4834851 /* Pods_Notifi.framework in Frameworks */,
			);
			runOnlyForDeploymentPostprocessing = 0;
		};
		F1F36F14214A9F9B008FB3E5 /* Frameworks */ = {
			isa = PBXFrameworksBuildPhase;
			buildActionMask = 2147483647;
			files = (
				EA93E068EA1CFEBCC7310C53 /* Pods_NotifiTests.framework in Frameworks */,
			);
			runOnlyForDeploymentPostprocessing = 0;
		};
		F1F36F1F214A9F9B008FB3E5 /* Frameworks */ = {
			isa = PBXFrameworksBuildPhase;
			buildActionMask = 2147483647;
			files = (
				9960E16856BAB84ABD75A501 /* Pods_NotifiUITests.framework in Frameworks */,
			);
			runOnlyForDeploymentPostprocessing = 0;
		};
/* End PBXFrameworksBuildPhase section */

/* Begin PBXGroup section */
		1E3B91CDE674775DCB563EFF /* Pods */ = {
			isa = PBXGroup;
			children = (
				322126D9581F2FD2173EC9C9 /* Pods-Notifi.debug.xcconfig */,
				730E758C842C86CFAFD9B443 /* Pods-Notifi.release.xcconfig */,
				D7CE61E8A7BF2724F9515905 /* Pods-NotifiTests.debug.xcconfig */,
				024C479912FE270E6601DCA5 /* Pods-NotifiTests.release.xcconfig */,
				C88CEFB5A6330F8BF7F4A1F7 /* Pods-NotifiUITests.debug.xcconfig */,
				AE12F36397B12857F3048907 /* Pods-NotifiUITests.release.xcconfig */,
			);
			name = Pods;
			sourceTree = "<group>";
		};
		85873A1D7514166F687E658B /* Frameworks */ = {
			isa = PBXGroup;
			children = (
				26FDBF0B829C23F63DCF054C /* Pods_Notifi.framework */,
				73B48BFC9FF63CC8F67E2B99 /* Pods_NotifiTests.framework */,
				D15B64156065FDF93F8A6AB9 /* Pods_NotifiUITests.framework */,
			);
			name = Frameworks;
			sourceTree = "<group>";
		};
		F1F36EFA214A9F98008FB3E5 = {
			isa = PBXGroup;
			children = (
				F173BC4F21D00C7A00BC2B24 /* calendarCell.swift */,
				F1F36F05214A9F98008FB3E5 /* Notifi */,
				F1F36F1A214A9F9B008FB3E5 /* NotifiTests */,
				F1F36F25214A9F9B008FB3E5 /* NotifiUITests */,
				F1F36F04214A9F98008FB3E5 /* Products */,
				1E3B91CDE674775DCB563EFF /* Pods */,
				85873A1D7514166F687E658B /* Frameworks */,
			);
			sourceTree = "<group>";
		};
		F1F36F04214A9F98008FB3E5 /* Products */ = {
			isa = PBXGroup;
			children = (
				F1F36F03214A9F98008FB3E5 /* Notifi.app */,
				F1F36F17214A9F9B008FB3E5 /* NotifiTests.xctest */,
				F1F36F22214A9F9B008FB3E5 /* NotifiUITests.xctest */,
			);
			name = Products;
			sourceTree = "<group>";
		};
		F1F36F05214A9F98008FB3E5 /* Notifi */ = {
			isa = PBXGroup;
			children = (
				F1F36F06214A9F98008FB3E5 /* AppDelegate.swift */,
				F1F36F08214A9F98008FB3E5 /* TableViewController.swift */,
				F1F36F0A214A9F98008FB3E5 /* Main.storyboard */,
				F1B6D6CC223830CC0043CB46 /* smallStoryBoard.storyboard */,
				F1B6D6CE223982800043CB46 /* bigStoryBoard.storyboard */,
				F1592A862219FB980044AC4F /* HistoryController.swift */,
				F1592A88221C80420044AC4F /* HistoryCell.swift */,
				F173BC5121D2A43900BC2B24 /* CalendarController.swift */,
				F1592A84221887670044AC4F /* emailAgent.swift */,
				F1EC60B4217F89E70089ADF1 /* randomViewController.swift */,
				F15E0B9521710E5800D81F4C /* ActiveNotifisController.swift */,
				F173BC5521E5216E00BC2B24 /* ActiveNotifiDataTableCell.swift */,
				F173BC5321E1310300BC2B24 /* ActiveNotifiData.swift */,
				F173BC5721F4EFFE00BC2B24 /* randomCollectionCell.swift */,
				F1FE121D2151678700ACC512 /* CreateNotifi.swift */,
				F1A29F442159016F00592DF1 /* myNotifications.swift */,
				F15E0B972172646F00D81F4C /* ActiveNotifiCell.swift */,
				F1032B9D218AEC8100CA5B38 /* nameCell.swift */,
				F1F36F36214AAB07008FB3E5 /* pickerTableViewCell.swift */,
				F13C40F32152700800308ACD /* ContactServiceSorted.swift */,
				F1F36F3A214BF219008FB3E5 /* NofitiData.swift */,
				F1F36F0D214A9F9A008FB3E5 /* Assets.xcassets */,
				F18FB7F821CEB6F2003C0B41 /* icons8-decision-filled@1x.png */,
				F18FB7F621CEB6E4003C0B41 /* icons8-decision-filled@2x.png */,
				F18FB7F421CEB6CE003C0B41 /* icons8-decision-filled@3x.png */,
				F1245E0721A7401800720A74 /* icons8-add-phone-90@2x.png */,
				F1245E0621A7401800720A74 /* icons8-alarm-clock-filled-90@2x.png */,
				F1245E0521A7401800720A74 /* icons8-user-account-filled-90@2x.png */,
				F1245DFD21A48D1000720A74 /* icons8-add-phone-90@3x.png */,
				F1245DF921A48B2600720A74 /* icons8-user-account-filled-90@3x.png */,
				F1245DFB21A48BDB00720A74 /* icons8-alarm-clock-filled-90@3x.png */,
				F1F36F0F214A9F9A008FB3E5 /* LaunchScreen.storyboard */,
				F1F36F12214A9F9A008FB3E5 /* Info.plist */,
			);
			path = Notifi;
			sourceTree = "<group>";
		};
		F1F36F1A214A9F9B008FB3E5 /* NotifiTests */ = {
			isa = PBXGroup;
			children = (
				F1F36F1B214A9F9B008FB3E5 /* NotifiTests.swift */,
				F1F36F1D214A9F9B008FB3E5 /* Info.plist */,
			);
			path = NotifiTests;
			sourceTree = "<group>";
		};
		F1F36F25214A9F9B008FB3E5 /* NotifiUITests */ = {
			isa = PBXGroup;
			children = (
				F1F36F26214A9F9B008FB3E5 /* NotifiUITests.swift */,
				F1F36F28214A9F9B008FB3E5 /* Info.plist */,
			);
			path = NotifiUITests;
			sourceTree = "<group>";
		};
/* End PBXGroup section */

/* Begin PBXNativeTarget section */
		F1F36F02214A9F98008FB3E5 /* Notifi */ = {
			isa = PBXNativeTarget;
			buildConfigurationList = F1F36F2B214A9F9B008FB3E5 /* Build configuration list for PBXNativeTarget "Notifi" */;
			buildPhases = (
				1DBB93ADF7F85ECCA2C70ABA /* [CP] Check Pods Manifest.lock */,
				F1F36EFF214A9F98008FB3E5 /* Sources */,
				F1F36F00214A9F98008FB3E5 /* Frameworks */,
				F1F36F01214A9F98008FB3E5 /* Resources */,
				7FC2AE4EE16AD11A01DF2CBB /* [CP] Embed Pods Frameworks */,
			);
			buildRules = (
			);
			dependencies = (
			);
			name = Notifi;
			productName = Notifi;
			productReference = F1F36F03214A9F98008FB3E5 /* Notifi.app */;
			productType = "com.apple.product-type.application";
		};
		F1F36F16214A9F9B008FB3E5 /* NotifiTests */ = {
			isa = PBXNativeTarget;
			buildConfigurationList = F1F36F2E214A9F9B008FB3E5 /* Build configuration list for PBXNativeTarget "NotifiTests" */;
			buildPhases = (
				FA89742D49ED84388828F971 /* [CP] Check Pods Manifest.lock */,
				F1F36F13214A9F9B008FB3E5 /* Sources */,
				F1F36F14214A9F9B008FB3E5 /* Frameworks */,
				F1F36F15214A9F9B008FB3E5 /* Resources */,
			);
			buildRules = (
			);
			dependencies = (
				F1F36F19214A9F9B008FB3E5 /* PBXTargetDependency */,
			);
			name = NotifiTests;
			productName = NotifiTests;
			productReference = F1F36F17214A9F9B008FB3E5 /* NotifiTests.xctest */;
			productType = "com.apple.product-type.bundle.unit-test";
		};
		F1F36F21214A9F9B008FB3E5 /* NotifiUITests */ = {
			isa = PBXNativeTarget;
			buildConfigurationList = F1F36F31214A9F9B008FB3E5 /* Build configuration list for PBXNativeTarget "NotifiUITests" */;
			buildPhases = (
				1586DADC6198077FA8AEF0E3 /* [CP] Check Pods Manifest.lock */,
				F1F36F1E214A9F9B008FB3E5 /* Sources */,
				F1F36F1F214A9F9B008FB3E5 /* Frameworks */,
				F1F36F20214A9F9B008FB3E5 /* Resources */,
			);
			buildRules = (
			);
			dependencies = (
				F1F36F24214A9F9B008FB3E5 /* PBXTargetDependency */,
			);
			name = NotifiUITests;
			productName = NotifiUITests;
			productReference = F1F36F22214A9F9B008FB3E5 /* NotifiUITests.xctest */;
			productType = "com.apple.product-type.bundle.ui-testing";
		};
/* End PBXNativeTarget section */

/* Begin PBXProject section */
		F1F36EFB214A9F98008FB3E5 /* Project object */ = {
			isa = PBXProject;
			attributes = {
				KnownAssetTags = (
					b,
				);
				LastSwiftUpdateCheck = 0940;
				LastUpgradeCheck = 0940;
				ORGANIZATIONNAME = ilya_admin;
				TargetAttributes = {
					F1F36F02214A9F98008FB3E5 = {
						CreatedOnToolsVersion = 9.4.1;
						LastSwiftMigration = 1000;
					};
					F1F36F16214A9F9B008FB3E5 = {
						CreatedOnToolsVersion = 9.4.1;
						LastSwiftMigration = 1000;
						TestTargetID = F1F36F02214A9F98008FB3E5;
					};
					F1F36F21214A9F9B008FB3E5 = {
						CreatedOnToolsVersion = 9.4.1;
						LastSwiftMigration = 1000;
						TestTargetID = F1F36F02214A9F98008FB3E5;
					};
				};
			};
			buildConfigurationList = F1F36EFE214A9F98008FB3E5 /* Build configuration list for PBXProject "Notifi" */;
			compatibilityVersion = "Xcode 9.3";
			developmentRegion = en;
			hasScannedForEncodings = 0;
			knownRegions = (
				en,
				Base,
			);
			mainGroup = F1F36EFA214A9F98008FB3E5;
			productRefGroup = F1F36F04214A9F98008FB3E5 /* Products */;
			projectDirPath = "";
			projectRoot = "";
			targets = (
				F1F36F02214A9F98008FB3E5 /* Notifi */,
				F1F36F16214A9F9B008FB3E5 /* NotifiTests */,
				F1F36F21214A9F9B008FB3E5 /* NotifiUITests */,
			);
		};
/* End PBXProject section */

/* Begin PBXResourcesBuildPhase section */
		F1F36F01214A9F98008FB3E5 /* Resources */ = {
			isa = PBXResourcesBuildPhase;
			buildActionMask = 2147483647;
			files = (
				F1F36F11214A9F9A008FB3E5 /* LaunchScreen.storyboard in Resources */,
				F18FB7F721CEB6E4003C0B41 /* icons8-decision-filled@2x.png in Resources */,
				F1F36F0E214A9F9A008FB3E5 /* Assets.xcassets in Resources */,
				F1B6D6CD223830CC0043CB46 /* smallStoryBoard.storyboard in Resources */,
				F1B6D6CF223982800043CB46 /* bigStoryBoard.storyboard in Resources */,
				F1245E0921A7401900720A74 /* icons8-alarm-clock-filled-90@2x.png in Resources */,
				F1245DFA21A48B2700720A74 /* icons8-user-account-filled-90@3x.png in Resources */,
				F1245E0821A7401900720A74 /* icons8-user-account-filled-90@2x.png in Resources */,
				F18FB7F521CEB6CE003C0B41 /* icons8-decision-filled@3x.png in Resources */,
				F1245DFE21A48D1100720A74 /* icons8-add-phone-90@3x.png in Resources */,
				F1245DFC21A48BDC00720A74 /* icons8-alarm-clock-filled-90@3x.png in Resources */,
				F18FB7F921CEB6F3003C0B41 /* icons8-decision-filled@1x.png in Resources */,
				F1F36F0C214A9F98008FB3E5 /* Main.storyboard in Resources */,
				F1245E0A21A7401900720A74 /* icons8-add-phone-90@2x.png in Resources */,
			);
			runOnlyForDeploymentPostprocessing = 0;
		};
		F1F36F15214A9F9B008FB3E5 /* Resources */ = {
			isa = PBXResourcesBuildPhase;
			buildActionMask = 2147483647;
			files = (
			);
			runOnlyForDeploymentPostprocessing = 0;
		};
		F1F36F20214A9F9B008FB3E5 /* Resources */ = {
			isa = PBXResourcesBuildPhase;
			buildActionMask = 2147483647;
			files = (
			);
			runOnlyForDeploymentPostprocessing = 0;
		};
/* End PBXResourcesBuildPhase section */

/* Begin PBXShellScriptBuildPhase section */
		1586DADC6198077FA8AEF0E3 /* [CP] Check Pods Manifest.lock */ = {
			isa = PBXShellScriptBuildPhase;
			buildActionMask = 2147483647;
			files = (
			);
			inputFileListPaths = (
			);
			inputPaths = (
				"${PODS_PODFILE_DIR_PATH}/Podfile.lock",
				"${PODS_ROOT}/Manifest.lock",
			);
			name = "[CP] Check Pods Manifest.lock";
			outputFileListPaths = (
			);
			outputPaths = (
				"$(DERIVED_FILE_DIR)/Pods-NotifiUITests-checkManifestLockResult.txt",
			);
			runOnlyForDeploymentPostprocessing = 0;
			shellPath = /bin/sh;
			shellScript = "diff \"${PODS_PODFILE_DIR_PATH}/Podfile.lock\" \"${PODS_ROOT}/Manifest.lock\" > /dev/null\nif [ $? != 0 ] ; then\n    # print error to STDERR\n    echo \"error: The sandbox is not in sync with the Podfile.lock. Run 'pod install' or update your CocoaPods installation.\" >&2\n    exit 1\nfi\n# This output is used by Xcode 'outputs' to avoid re-running this script phase.\necho \"SUCCESS\" > \"${SCRIPT_OUTPUT_FILE_0}\"\n";
			showEnvVarsInLog = 0;
		};
		1DBB93ADF7F85ECCA2C70ABA /* [CP] Check Pods Manifest.lock */ = {
			isa = PBXShellScriptBuildPhase;
			buildActionMask = 2147483647;
			files = (
			);
			inputFileListPaths = (
			);
			inputPaths = (
				"${PODS_PODFILE_DIR_PATH}/Podfile.lock",
				"${PODS_ROOT}/Manifest.lock",
			);
			name = "[CP] Check Pods Manifest.lock";
			outputFileListPaths = (
			);
			outputPaths = (
				"$(DERIVED_FILE_DIR)/Pods-Notifi-checkManifestLockResult.txt",
			);
			runOnlyForDeploymentPostprocessing = 0;
			shellPath = /bin/sh;
			shellScript = "diff \"${PODS_PODFILE_DIR_PATH}/Podfile.lock\" \"${PODS_ROOT}/Manifest.lock\" > /dev/null\nif [ $? != 0 ] ; then\n    # print error to STDERR\n    echo \"error: The sandbox is not in sync with the Podfile.lock. Run 'pod install' or update your CocoaPods installation.\" >&2\n    exit 1\nfi\n# This output is used by Xcode 'outputs' to avoid re-running this script phase.\necho \"SUCCESS\" > \"${SCRIPT_OUTPUT_FILE_0}\"\n";
			showEnvVarsInLog = 0;
		};
		7FC2AE4EE16AD11A01DF2CBB /* [CP] Embed Pods Frameworks */ = {
			isa = PBXShellScriptBuildPhase;
			buildActionMask = 2147483647;
			files = (
			);
			inputFileListPaths = (
			);
			inputPaths = (
				"${SRCROOT}/Pods/Target Support Files/Pods-Notifi/Pods-Notifi-frameworks.sh",
				"${BUILT_PRODUCTS_DIR}/JTAppleCalendar/JTAppleCalendar.framework",
			);
			name = "[CP] Embed Pods Frameworks";
			outputFileListPaths = (
			);
			outputPaths = (
				"${TARGET_BUILD_DIR}/${FRAMEWORKS_FOLDER_PATH}/JTAppleCalendar.framework",
			);
			runOnlyForDeploymentPostprocessing = 0;
			shellPath = /bin/sh;
			shellScript = "\"${SRCROOT}/Pods/Target Support Files/Pods-Notifi/Pods-Notifi-frameworks.sh\"\n";
			showEnvVarsInLog = 0;
		};
		FA89742D49ED84388828F971 /* [CP] Check Pods Manifest.lock */ = {
			isa = PBXShellScriptBuildPhase;
			buildActionMask = 2147483647;
			files = (
			);
			inputFileListPaths = (
			);
			inputPaths = (
				"${PODS_PODFILE_DIR_PATH}/Podfile.lock",
				"${PODS_ROOT}/Manifest.lock",
			);
			name = "[CP] Check Pods Manifest.lock";
			outputFileListPaths = (
			);
			outputPaths = (
				"$(DERIVED_FILE_DIR)/Pods-NotifiTests-checkManifestLockResult.txt",
			);
			runOnlyForDeploymentPostprocessing = 0;
			shellPath = /bin/sh;
			shellScript = "diff \"${PODS_PODFILE_DIR_PATH}/Podfile.lock\" \"${PODS_ROOT}/Manifest.lock\" > /dev/null\nif [ $? != 0 ] ; then\n    # print error to STDERR\n    echo \"error: The sandbox is not in sync with the Podfile.lock. Run 'pod install' or update your CocoaPods installation.\" >&2\n    exit 1\nfi\n# This output is used by Xcode 'outputs' to avoid re-running this script phase.\necho \"SUCCESS\" > \"${SCRIPT_OUTPUT_FILE_0}\"\n";
			showEnvVarsInLog = 0;
		};
/* End PBXShellScriptBuildPhase section */

/* Begin PBXSourcesBuildPhase section */
		F1F36EFF214A9F98008FB3E5 /* Sources */ = {
			isa = PBXSourcesBuildPhase;
			buildActionMask = 2147483647;
			files = (
				F1592A85221887670044AC4F /* emailAgent.swift in Sources */,
				F1A29F452159016F00592DF1 /* myNotifications.swift in Sources */,
				F1032B9E218AEC8100CA5B38 /* nameCell.swift in Sources */,
				F173BC5821F4EFFE00BC2B24 /* randomCollectionCell.swift in Sources */,
				F1592A872219FB980044AC4F /* HistoryController.swift in Sources */,
				F15E0B982172646F00D81F4C /* ActiveNotifiCell.swift in Sources */,
				F13C40F42152700800308ACD /* ContactServiceSorted.swift in Sources */,
				F1F36F37214AAB07008FB3E5 /* pickerTableViewCell.swift in Sources */,
				F173BC5621E5216E00BC2B24 /* ActiveNotifiDataTableCell.swift in Sources */,
				F1FE121E2151678700ACC512 /* CreateNotifi.swift in Sources */,
				F1F36F09214A9F98008FB3E5 /* TableViewController.swift in Sources */,
				F1592A89221C80420044AC4F /* HistoryCell.swift in Sources */,
				F1F36F07214A9F98008FB3E5 /* AppDelegate.swift in Sources */,
				F173BC5221D2A43900BC2B24 /* CalendarController.swift in Sources */,
				F15E0B9621710E5800D81F4C /* ActiveNotifisController.swift in Sources */,
				F1F36F3B214BF219008FB3E5 /* NofitiData.swift in Sources */,
				F1EC60B5217F89E70089ADF1 /* randomViewController.swift in Sources */,
				F173BC5421E1310400BC2B24 /* ActiveNotifiData.swift in Sources */,
				F173BC5021D00C7A00BC2B24 /* calendarCell.swift in Sources */,
			);
			runOnlyForDeploymentPostprocessing = 0;
		};
		F1F36F13214A9F9B008FB3E5 /* Sources */ = {
			isa = PBXSourcesBuildPhase;
			buildActionMask = 2147483647;
			files = (
				F1F36F1C214A9F9B008FB3E5 /* NotifiTests.swift in Sources */,
			);
			runOnlyForDeploymentPostprocessing = 0;
		};
		F1F36F1E214A9F9B008FB3E5 /* Sources */ = {
			isa = PBXSourcesBuildPhase;
			buildActionMask = 2147483647;
			files = (
				F1F36F27214A9F9B008FB3E5 /* NotifiUITests.swift in Sources */,
			);
			runOnlyForDeploymentPostprocessing = 0;
		};
/* End PBXSourcesBuildPhase section */

/* Begin PBXTargetDependency section */
		F1F36F19214A9F9B008FB3E5 /* PBXTargetDependency */ = {
			isa = PBXTargetDependency;
			target = F1F36F02214A9F98008FB3E5 /* Notifi */;
			targetProxy = F1F36F18214A9F9B008FB3E5 /* PBXContainerItemProxy */;
		};
		F1F36F24214A9F9B008FB3E5 /* PBXTargetDependency */ = {
			isa = PBXTargetDependency;
			target = F1F36F02214A9F98008FB3E5 /* Notifi */;
			targetProxy = F1F36F23214A9F9B008FB3E5 /* PBXContainerItemProxy */;
		};
/* End PBXTargetDependency section */

/* Begin PBXVariantGroup section */
		F1F36F0A214A9F98008FB3E5 /* Main.storyboard */ = {
			isa = PBXVariantGroup;
			children = (
				F1F36F0B214A9F98008FB3E5 /* Base */,
			);
			name = Main.storyboard;
			sourceTree = "<group>";
		};
		F1F36F0F214A9F9A008FB3E5 /* LaunchScreen.storyboard */ = {
			isa = PBXVariantGroup;
			children = (
				F1F36F10214A9F9A008FB3E5 /* Base */,
			);
			name = LaunchScreen.storyboard;
			sourceTree = "<group>";
		};
/* End PBXVariantGroup section */

/* Begin XCBuildConfiguration section */
		F1F36F29214A9F9B008FB3E5 /* Debug */ = {
			isa = XCBuildConfiguration;
			buildSettings = {
				ALWAYS_SEARCH_USER_PATHS = NO;
				CLANG_ANALYZER_NONNULL = YES;
				CLANG_ANALYZER_NUMBER_OBJECT_CONVERSION = YES_AGGRESSIVE;
				CLANG_CXX_LANGUAGE_STANDARD = "gnu++14";
				CLANG_CXX_LIBRARY = "libc++";
				CLANG_ENABLE_MODULES = YES;
				CLANG_ENABLE_OBJC_ARC = YES;
				CLANG_ENABLE_OBJC_WEAK = YES;
				CLANG_WARN_BLOCK_CAPTURE_AUTORELEASING = YES;
				CLANG_WARN_BOOL_CONVERSION = YES;
				CLANG_WARN_COMMA = YES;
				CLANG_WARN_CONSTANT_CONVERSION = YES;
				CLANG_WARN_DEPRECATED_OBJC_IMPLEMENTATIONS = YES;
				CLANG_WARN_DIRECT_OBJC_ISA_USAGE = YES_ERROR;
				CLANG_WARN_DOCUMENTATION_COMMENTS = YES;
				CLANG_WARN_EMPTY_BODY = YES;
				CLANG_WARN_ENUM_CONVERSION = YES;
				CLANG_WARN_INFINITE_RECURSION = YES;
				CLANG_WARN_INT_CONVERSION = YES;
				CLANG_WARN_NON_LITERAL_NULL_CONVERSION = YES;
				CLANG_WARN_OBJC_IMPLICIT_RETAIN_SELF = YES;
				CLANG_WARN_OBJC_LITERAL_CONVERSION = YES;
				CLANG_WARN_OBJC_ROOT_CLASS = YES_ERROR;
				CLANG_WARN_RANGE_LOOP_ANALYSIS = YES;
				CLANG_WARN_STRICT_PROTOTYPES = YES;
				CLANG_WARN_SUSPICIOUS_MOVE = YES;
				CLANG_WARN_UNGUARDED_AVAILABILITY = YES_AGGRESSIVE;
				CLANG_WARN_UNREACHABLE_CODE = YES;
				CLANG_WARN__DUPLICATE_METHOD_MATCH = YES;
				CODE_SIGN_IDENTITY = "iPhone Developer";
				COPY_PHASE_STRIP = NO;
				DEBUG_INFORMATION_FORMAT = dwarf;
				ENABLE_STRICT_OBJC_MSGSEND = YES;
				ENABLE_TESTABILITY = YES;
				GCC_C_LANGUAGE_STANDARD = gnu11;
				GCC_DYNAMIC_NO_PIC = NO;
				GCC_NO_COMMON_BLOCKS = YES;
				GCC_OPTIMIZATION_LEVEL = 0;
				GCC_PREPROCESSOR_DEFINITIONS = (
					"DEBUG=1",
					"$(inherited)",
				);
				GCC_WARN_64_TO_32_BIT_CONVERSION = YES;
				GCC_WARN_ABOUT_RETURN_TYPE = YES_ERROR;
				GCC_WARN_UNDECLARED_SELECTOR = YES;
				GCC_WARN_UNINITIALIZED_AUTOS = YES_AGGRESSIVE;
				GCC_WARN_UNUSED_FUNCTION = YES;
				GCC_WARN_UNUSED_VARIABLE = YES;
				IPHONEOS_DEPLOYMENT_TARGET = 11.4;
				MTL_ENABLE_DEBUG_INFO = YES;
				ONLY_ACTIVE_ARCH = YES;
				SDKROOT = iphoneos;
				SWIFT_ACTIVE_COMPILATION_CONDITIONS = DEBUG;
				SWIFT_OPTIMIZATION_LEVEL = "-Onone";
			};
			name = Debug;
		};
		F1F36F2A214A9F9B008FB3E5 /* Release */ = {
			isa = XCBuildConfiguration;
			buildSettings = {
				ALWAYS_SEARCH_USER_PATHS = NO;
				CLANG_ANALYZER_NONNULL = YES;
				CLANG_ANALYZER_NUMBER_OBJECT_CONVERSION = YES_AGGRESSIVE;
				CLANG_CXX_LANGUAGE_STANDARD = "gnu++14";
				CLANG_CXX_LIBRARY = "libc++";
				CLANG_ENABLE_MODULES = YES;
				CLANG_ENABLE_OBJC_ARC = YES;
				CLANG_ENABLE_OBJC_WEAK = YES;
				CLANG_WARN_BLOCK_CAPTURE_AUTORELEASING = YES;
				CLANG_WARN_BOOL_CONVERSION = YES;
				CLANG_WARN_COMMA = YES;
				CLANG_WARN_CONSTANT_CONVERSION = YES;
				CLANG_WARN_DEPRECATED_OBJC_IMPLEMENTATIONS = YES;
				CLANG_WARN_DIRECT_OBJC_ISA_USAGE = YES_ERROR;
				CLANG_WARN_DOCUMENTATION_COMMENTS = YES;
				CLANG_WARN_EMPTY_BODY = YES;
				CLANG_WARN_ENUM_CONVERSION = YES;
				CLANG_WARN_INFINITE_RECURSION = YES;
				CLANG_WARN_INT_CONVERSION = YES;
				CLANG_WARN_NON_LITERAL_NULL_CONVERSION = YES;
				CLANG_WARN_OBJC_IMPLICIT_RETAIN_SELF = YES;
				CLANG_WARN_OBJC_LITERAL_CONVERSION = YES;
				CLANG_WARN_OBJC_ROOT_CLASS = YES_ERROR;
				CLANG_WARN_RANGE_LOOP_ANALYSIS = YES;
				CLANG_WARN_STRICT_PROTOTYPES = YES;
				CLANG_WARN_SUSPICIOUS_MOVE = YES;
				CLANG_WARN_UNGUARDED_AVAILABILITY = YES_AGGRESSIVE;
				CLANG_WARN_UNREACHABLE_CODE = YES;
				CLANG_WARN__DUPLICATE_METHOD_MATCH = YES;
				CODE_SIGN_IDENTITY = "iPhone Developer";
				COPY_PHASE_STRIP = NO;
				DEBUG_INFORMATION_FORMAT = "dwarf-with-dsym";
				ENABLE_NS_ASSERTIONS = NO;
				ENABLE_STRICT_OBJC_MSGSEND = YES;
				GCC_C_LANGUAGE_STANDARD = gnu11;
				GCC_NO_COMMON_BLOCKS = YES;
				GCC_WARN_64_TO_32_BIT_CONVERSION = YES;
				GCC_WARN_ABOUT_RETURN_TYPE = YES_ERROR;
				GCC_WARN_UNDECLARED_SELECTOR = YES;
				GCC_WARN_UNINITIALIZED_AUTOS = YES_AGGRESSIVE;
				GCC_WARN_UNUSED_FUNCTION = YES;
				GCC_WARN_UNUSED_VARIABLE = YES;
				IPHONEOS_DEPLOYMENT_TARGET = 11.4;
				MTL_ENABLE_DEBUG_INFO = NO;
				SDKROOT = iphoneos;
				SWIFT_COMPILATION_MODE = wholemodule;
				SWIFT_OPTIMIZATION_LEVEL = "-O";
				VALIDATE_PRODUCT = YES;
			};
			name = Release;
		};
		F1F36F2C214A9F9B008FB3E5 /* Debug */ = {
			isa = XCBuildConfiguration;
			baseConfigurationReference = 322126D9581F2FD2173EC9C9 /* Pods-Notifi.debug.xcconfig */;
			buildSettings = {
				ASSETCATALOG_COMPILER_APPICON_NAME = AppIcon;
				CODE_SIGN_STYLE = Automatic;
				DEVELOPMENT_TEAM = E38K59VCJT;
				INFOPLIST_FILE = Notifi/Info.plist;
				LD_RUNPATH_SEARCH_PATHS = (
					"$(inherited)",
					"@executable_path/Frameworks",
				);
				PRODUCT_BUNDLE_IDENTIFIER = com.ilya.NotifiMe;
				PRODUCT_NAME = "$(TARGET_NAME)";
				SWIFT_VERSION = 4.2;
				TARGETED_DEVICE_FAMILY = "1,2";
			};
			name = Debug;
		};
		F1F36F2D214A9F9B008FB3E5 /* Release */ = {
			isa = XCBuildConfiguration;
			baseConfigurationReference = 730E758C842C86CFAFD9B443 /* Pods-Notifi.release.xcconfig */;
			buildSettings = {
				ASSETCATALOG_COMPILER_APPICON_NAME = AppIcon;
				CODE_SIGN_STYLE = Automatic;
				DEVELOPMENT_TEAM = E38K59VCJT;
				INFOPLIST_FILE = Notifi/Info.plist;
				LD_RUNPATH_SEARCH_PATHS = (
					"$(inherited)",
					"@executable_path/Frameworks",
				);
				PRODUCT_BUNDLE_IDENTIFIER = com.ilya.NotifiMe;
				PRODUCT_NAME = "$(TARGET_NAME)";
				SWIFT_VERSION = 4.2;
				TARGETED_DEVICE_FAMILY = "1,2";
			};
			name = Release;
		};
		F1F36F2F214A9F9B008FB3E5 /* Debug */ = {
			isa = XCBuildConfiguration;
			baseConfigurationReference = D7CE61E8A7BF2724F9515905 /* Pods-NotifiTests.debug.xcconfig */;
			buildSettings = {
				ALWAYS_EMBED_SWIFT_STANDARD_LIBRARIES = YES;
				BUNDLE_LOADER = "$(TEST_HOST)";
				CODE_SIGN_STYLE = Automatic;
				DEVELOPMENT_TEAM = E38K59VCJT;
				INFOPLIST_FILE = NotifiTests/Info.plist;
				LD_RUNPATH_SEARCH_PATHS = (
					"$(inherited)",
					"@executable_path/Frameworks",
					"@loader_path/Frameworks",
				);
				PRODUCT_BUNDLE_IDENTIFIER = com.xamarin.NotifiTests;
				PRODUCT_NAME = "$(TARGET_NAME)";
				SWIFT_VERSION = 4.2;
				TARGETED_DEVICE_FAMILY = "1,2";
				TEST_HOST = "$(BUILT_PRODUCTS_DIR)/Notifi.app/Notifi";
			};
			name = Debug;
		};
		F1F36F30214A9F9B008FB3E5 /* Release */ = {
			isa = XCBuildConfiguration;
			baseConfigurationReference = 024C479912FE270E6601DCA5 /* Pods-NotifiTests.release.xcconfig */;
			buildSettings = {
				ALWAYS_EMBED_SWIFT_STANDARD_LIBRARIES = YES;
				BUNDLE_LOADER = "$(TEST_HOST)";
				CODE_SIGN_STYLE = Automatic;
				DEVELOPMENT_TEAM = E38K59VCJT;
				INFOPLIST_FILE = NotifiTests/Info.plist;
				LD_RUNPATH_SEARCH_PATHS = (
					"$(inherited)",
					"@executable_path/Frameworks",
					"@loader_path/Frameworks",
				);
				PRODUCT_BUNDLE_IDENTIFIER = com.xamarin.NotifiTests;
				PRODUCT_NAME = "$(TARGET_NAME)";
				SWIFT_VERSION = 4.2;
				TARGETED_DEVICE_FAMILY = "1,2";
				TEST_HOST = "$(BUILT_PRODUCTS_DIR)/Notifi.app/Notifi";
			};
			name = Release;
		};
		F1F36F32214A9F9B008FB3E5 /* Debug */ = {
			isa = XCBuildConfiguration;
			baseConfigurationReference = C88CEFB5A6330F8BF7F4A1F7 /* Pods-NotifiUITests.debug.xcconfig */;
			buildSettings = {
				ALWAYS_EMBED_SWIFT_STANDARD_LIBRARIES = YES;
				CODE_SIGN_STYLE = Automatic;
				DEVELOPMENT_TEAM = E38K59VCJT;
				INFOPLIST_FILE = NotifiUITests/Info.plist;
				LD_RUNPATH_SEARCH_PATHS = (
					"$(inherited)",
					"@executable_path/Frameworks",
					"@loader_path/Frameworks",
				);
				PRODUCT_BUNDLE_IDENTIFIER = com.xamarin.NotifiUITests;
				PRODUCT_NAME = "$(TARGET_NAME)";
				SWIFT_VERSION = 4.2;
				TARGETED_DEVICE_FAMILY = "1,2";
				TEST_TARGET_NAME = Notifi;
			};
			name = Debug;
		};
		F1F36F33214A9F9B008FB3E5 /* Release */ = {
			isa = XCBuildConfiguration;
			baseConfigurationReference = AE12F36397B12857F3048907 /* Pods-NotifiUITests.release.xcconfig */;
			buildSettings = {
				ALWAYS_EMBED_SWIFT_STANDARD_LIBRARIES = YES;
				CODE_SIGN_STYLE = Automatic;
				DEVELOPMENT_TEAM = E38K59VCJT;
				INFOPLIST_FILE = NotifiUITests/Info.plist;
				LD_RUNPATH_SEARCH_PATHS = (
					"$(inherited)",
					"@executable_path/Frameworks",
					"@loader_path/Frameworks",
				);
				PRODUCT_BUNDLE_IDENTIFIER = com.xamarin.NotifiUITests;
				PRODUCT_NAME = "$(TARGET_NAME)";
				SWIFT_VERSION = 4.2;
				TARGETED_DEVICE_FAMILY = "1,2";
				TEST_TARGET_NAME = Notifi;
			};
			name = Release;
		};
/* End XCBuildConfiguration section */

/* Begin XCConfigurationList section */
		F1F36EFE214A9F98008FB3E5 /* Build configuration list for PBXProject "Notifi" */ = {
			isa = XCConfigurationList;
			buildConfigurations = (
				F1F36F29214A9F9B008FB3E5 /* Debug */,
				F1F36F2A214A9F9B008FB3E5 /* Release */,
			);
			defaultConfigurationIsVisible = 0;
			defaultConfigurationName = Release;
		};
		F1F36F2B214A9F9B008FB3E5 /* Build configuration list for PBXNativeTarget "Notifi" */ = {
			isa = XCConfigurationList;
			buildConfigurations = (
				F1F36F2C214A9F9B008FB3E5 /* Debug */,
				F1F36F2D214A9F9B008FB3E5 /* Release */,
			);
			defaultConfigurationIsVisible = 0;
			defaultConfigurationName = Release;
		};
		F1F36F2E214A9F9B008FB3E5 /* Build configuration list for PBXNativeTarget "NotifiTests" */ = {
			isa = XCConfigurationList;
			buildConfigurations = (
				F1F36F2F214A9F9B008FB3E5 /* Debug */,
				F1F36F30214A9F9B008FB3E5 /* Release */,
			);
			defaultConfigurationIsVisible = 0;
			defaultConfigurationName = Release;
		};
		F1F36F31214A9F9B008FB3E5 /* Build configuration list for PBXNativeTarget "NotifiUITests" */ = {
			isa = XCConfigurationList;
			buildConfigurations = (
				F1F36F32214A9F9B008FB3E5 /* Debug */,
				F1F36F33214A9F9B008FB3E5 /* Release */,
			);
			defaultConfigurationIsVisible = 0;
			defaultConfigurationName = Release;
		};
/* End XCConfigurationList section */
	};
	rootObject = F1F36EFB214A9F98008FB3E5 /* Project object */;
}
